
Microsoft Visual Studio Solution File, Format Version 12.00
# Visual Studio 15
VisualStudioVersion = 15.0.27703.2042
MinimumVisualStudioVersion = 10.0.40219.1
Project("{2150E333-8FDC-42A3-9474-1A3956D46DE8}") = "0-Application", "0-Application", "{2171D283-D367-46AC-BC6B-7BB48331EAFA}"
EndProject
Project("{2150E333-8FDC-42A3-9474-1A3956D46DE8}") = "1-Service", "1-Service", "{CCF9CE47-CAE0-465E-A1A3-A4EBA6917734}"
EndProject
Project("{2150E333-8FDC-42A3-9474-1A3956D46DE8}") = "2-Domain", "2-Domain", "{EB150464-13ED-4098-A37D-3A144B0E30B9}"
EndProject
Project("{2150E333-8FDC-42A3-9474-1A3956D46DE8}") = "3-Infra", "3-Infra", "{1AC00530-237F-4517-B6A2-DC39FBED7310}"
EndProject
Project("{2150E333-8FDC-42A3-9474-1A3956D46DE8}") = "4-CrossCutting", "4-CrossCutting", "{AF3120C3-87ED-4796-9794-53F8A7D4847C}"
EndProject
Project("{FAE04EC0-301F-11D3-BF4B-00C04F79EFBC}") = "Bookshop.Service.WebAPI", "src\Bookshop.Service.WebAPI\Bookshop.Service.WebAPI.csproj", "{C3BA533E-FEE4-4A5C-A764-BC68E0B9E2A0}"
EndProject
Project("{FAE04EC0-301F-11D3-BF4B-00C04F79EFBC}") = "Bookshop.Domain", "src\Bookshop.Domain\Bookshop.Domain.csproj", "{90439978-3493-4345-B4B1-092EF8666D5C}"
EndProject
Project("{FAE04EC0-301F-11D3-BF4B-00C04F79EFBC}") = "Bookshop.Infra.Data.MongoDB", "src\Bookshop.Infra.Data.MongoDB\Bookshop.Infra.Data.MongoDB.csproj", "{5A88BA33-36A7-4536-BC4B-B55A325FCBCE}"
EndProject
Project("{FAE04EC0-301F-11D3-BF4B-00C04F79EFBC}") = "Bookshop.CrossCutting.IoC", "src\Bookshop.CrossCutting.IoC\Bookshop.CrossCutting.IoC.csproj", "{198EAB7E-F256-4B32-8FB7-88754E19E837}"
EndProject
Project("{FAE04EC0-301F-11D3-BF4B-00C04F79EFBC}") = "Bookshop.Infra.Data", "src\Bookshop.Infra.Data\Bookshop.Infra.Data.csproj", "{573718DA-4F0E-4001-B00D-5AC8394B05E1}"
EndProject
Global
	GlobalSection(SolutionConfigurationPlatforms) = preSolution
		Debug|Any CPU = Debug|Any CPU
		Release|Any CPU = Release|Any CPU
	EndGlobalSection
	GlobalSection(ProjectConfigurationPlatforms) = postSolution
		{C3BA533E-FEE4-4A5C-A764-BC68E0B9E2A0}.Debug|Any CPU.ActiveCfg = Debug|Any CPU
		{C3BA533E-FEE4-4A5C-A764-BC68E0B9E2A0}.Debug|Any CPU.Build.0 = Debug|Any CPU
		{C3BA533E-FEE4-4A5C-A764-BC68E0B9E2A0}.Release|Any CPU.ActiveCfg = Release|Any CPU
		{C3BA533E-FEE4-4A5C-A764-BC68E0B9E2A0}.Release|Any CPU.Build.0 = Release|Any CPU
		{90439978-3493-4345-B4B1-092EF8666D5C}.Debug|Any CPU.ActiveCfg = Debug|Any CPU
		{90439978-3493-4345-B4B1-092EF8666D5C}.Debug|Any CPU.Build.0 = Debug|Any CPU
		{90439978-3493-4345-B4B1-092EF8666D5C}.Release|Any CPU.ActiveCfg = Release|Any CPU
		{90439978-3493-4345-B4B1-092EF8666D5C}.Release|Any CPU.Build.0 = Release|Any CPU
		{5A88BA33-36A7-4536-BC4B-B55A325FCBCE}.Debug|Any CPU.ActiveCfg = Debug|Any CPU
		{5A88BA33-36A7-4536-BC4B-B55A325FCBCE}.Debug|Any CPU.Build.0 = Debug|Any CPU
		{5A88BA33-36A7-4536-BC4B-B55A325FCBCE}.Release|Any CPU.ActiveCfg = Release|Any CPU
		{5A88BA33-36A7-4536-BC4B-B55A325FCBCE}.Release|Any CPU.Build.0 = Release|Any CPU
		{198EAB7E-F256-4B32-8FB7-88754E19E837}.Debug|Any CPU.ActiveCfg = Debug|Any CPU
		{198EAB7E-F256-4B32-8FB7-88754E19E837}.Debug|Any CPU.Build.0 = Debug|Any CPU
		{198EAB7E-F256-4B32-8FB7-88754E19E837}.Release|Any CPU.ActiveCfg = Release|Any CPU
		{198EAB7E-F256-4B32-8FB7-88754E19E837}.Release|Any CPU.Build.0 = Release|Any CPU
		{573718DA-4F0E-4001-B00D-5AC8394B05E1}.Debug|Any CPU.ActiveCfg = Debug|Any CPU
		{573718DA-4F0E-4001-B00D-5AC8394B05E1}.Debug|Any CPU.Build.0 = Debug|Any CPU
		{573718DA-4F0E-4001-B00D-5AC8394B05E1}.Release|Any CPU.ActiveCfg = Release|Any CPU
		{573718DA-4F0E-4001-B00D-5AC8394B05E1}.Release|Any CPU.Build.0 = Release|Any CPU
	EndGlobalSection
	GlobalSection(SolutionProperties) = preSolution
		HideSolutionNode = FALSE
	EndGlobalSection
	GlobalSection(NestedProjects) = preSolution
		{C3BA533E-FEE4-4A5C-A764-BC68E0B9E2A0} = {CCF9CE47-CAE0-465E-A1A3-A4EBA6917734}
		{90439978-3493-4345-B4B1-092EF8666D5C} = {EB150464-13ED-4098-A37D-3A144B0E30B9}
		{5A88BA33-36A7-4536-BC4B-B55A325FCBCE} = {1AC00530-237F-4517-B6A2-DC39FBED7310}
		{198EAB7E-F256-4B32-8FB7-88754E19E837} = {AF3120C3-87ED-4796-9794-53F8A7D4847C}
		{573718DA-4F0E-4001-B00D-5AC8394B05E1} = {1AC00530-237F-4517-B6A2-DC39FBED7310}
	EndGlobalSection
	GlobalSection(ExtensibilityGlobals) = postSolution
		SolutionGuid = {2B37CC7E-4853-4E4B-8955-4E24648D8DAA}
	EndGlobalSection
EndGlobal
